<Solution>
  <Folder Name="/Solution Items/">
    <File Path=".editorconfig" />
    <File Path=".gitattributes" />
    <File Path=".gitignore" />
    <File Path="CHANGELOG.md" />
    <File Path="CONTRIBUTING.md" />
    <File Path="Directory.Build.props" />
    <File Path="Directory.Build.targets" />
    <File Path="Directory.Packages.props" />
    <File Path="global.json" />
    <File Path="nuget.config" />
    <File Path="README.md" />
    <File Path="SECURITY.md" />
    <File Path="THIRD-PARTY-NOTICES.md" />
  </Folder>
  <Folder Name="/src/">
    <Project Path="src/AvroSharp.Tool/AvroSharp.Tool.csproj" />
    <Project Path="src/AvroSharp/AvroSharp.csproj" />
    <Project Path="src/AvroSharp.Codecs/AvroSharp.Codecs.csproj" />
    <Project Path="src/AvroSharp.CodeGen/AvroSharp.CodeGen.csproj" />
    <Project Path="src/AvroSharp.Generators/AvroSharp.Generators.csproj" />
  </Folder>
  <Folder Name="/samples/">
    <Project Path="samples/GettingStarted/GettingStarted.csproj" />
    <Project Path="samples/GeneratedTypes/GeneratedTypes.csproj" />
    <Project Path="samples/Messaging/Messaging.csproj" />
    <Project Path="samples/Migration/Migration.csproj" />
  </Folder>
  <Folder Name="/tests/">
    <Project Path="tests/AvroSharp.Tests/AvroSharp.Tests.csproj" />
    <Project Path="tests/AvroSharp.Codecs.Tests/AvroSharp.Codecs.Tests.csproj" />
    <Project Path="tests/AvroSharp.Interop.Tests/AvroSharp.Interop.Tests.csproj" />
    <Project Path="tests/AvroSharp.Generators.Tests/AvroSharp.Generators.Tests.csproj" />
    <Project Path="tests/AvroSharp.Generators.Consumer.Tests/AvroSharp.Generators.Consumer.Tests.csproj" />
    <Project Path="tests/AvroSharp.Generators.ApacheCompat.Tests/AvroSharp.Generators.ApacheCompat.Tests.csproj" />
    <Project Path="tests/AvroSharp.AotSmoke/AvroSharp.AotSmoke.csproj" />
    <Project Path="tests/AvroSharp.Tool.Tests/AvroSharp.Tool.Tests.csproj" />
  </Folder>
  <Folder Name="/fuzz/">
    <Project Path="fuzz/AvroSharp.Fuzz/AvroSharp.Fuzz.csproj" />
  </Folder>
  <Folder Name="/bench/">
    <Project Path="bench/AvroSharp.Benchmarks/AvroSharp.Benchmarks.csproj" />
  </Folder>
</Solution>
